{
  "nodes": {
    "home-manager": {
      "inputs": {
        "nixpkgs": [
          "nixpkgs"
        ]
      },
      "locked": {
        "lastModified": 1688731042,
        "narHash": "sha256-D1p/LLP1SpDYjutt9W+O5Ek+XGdszsjYjvL30ad++OY=",
        "owner": "nix-community",
        "repo": "home-manager",
        "rev": "34db2f05219bcb0e41cc85490e4c338e2405546c",
        "type": "github"
      },
      "original": {
        "owner": "nix-community",
        "repo": "home-manager",
        "type": "github"
      }
    },
    "hyprland": {
      "inputs": {
        "hyprland-protocols": "hyprland-protocols",
        "nixpkgs": "nixpkgs",
        "wlroots": "wlroots",
        "xdph": "xdph"
      },
      "locked": {
        "lastModified": 1688653598,
        "narHash": "sha256-gLNu5/SEw3gg5SjuAfkwFSR473Wnc6GaFvS7kmySi7A=",
        "owner": "hyprwm",
        "repo": "Hyprland",
        "rev": "e632bf176b04968ca6a22f6e5d5f1a7bf77b6fa6",
        "type": "github"
      },
      "original": {
        "owner": "hyprwm",
        "repo": "Hyprland",
        "type": "github"
      }
    },
    "hyprland-protocols": {
      "inputs": {
        "nixpkgs": [
          "hyprland",
          "nixpkgs"
        ]
      },
      "locked": {
        "lastModified": 1684265364,
        "narHash": "sha256-AxNnWbthsuNx73HDQr0eBxrcE3+yfl/WsaXZqUFmkpQ=",
        "owner": "hyprwm",
        "repo": "hyprland-protocols",
        "rev": "8c279b9fb0f2b031427dc5ef4eab53f2ed835530",
        "type": "github"
      },
      "original": {
        "owner": "hyprwm",
        "repo": "hyprland-protocols",
        "type": "github"
      }
    },
    "nixpkgs": {
      "locked": {
        "lastModified": 1688500189,
        "narHash": "sha256-djYYiY4lzJOlXOnTHytH6BUugrxHDZjuGxTSrU4gt4M=",
        "owner": "NixOS",
        "repo": "nixpkgs",
        "rev": "78419edadf0fabbe5618643bd850b2f2198ed060",
        "type": "github"
      },
      "original": {
        "owner": "NixOS",
        "ref": "nixos-unstable",
        "repo": "nixpkgs",
        "type": "github"
      }
    },
    "nixpkgs_2": {
      "locked": {
        "lastModified": 1688590700,
        "narHash": "sha256-ZF055rIUP89cVwiLpG5xkJzx00gEuuGFF60Bs/LM3wc=",
        "owner": "nixos",
        "repo": "nixpkgs",
        "rev": "f292b4964cb71f9dfbbd30dc9f511d6165cd109b",
        "type": "github"
      },
      "original": {
        "owner": "nixos",
        "ref": "nixos-unstable",
        "repo": "nixpkgs",
        "type": "github"
      }
    },
    "root": {
      "inputs": {
        "home-manager": "home-manager",
        "hyprland": "hyprland",
        "nixpkgs": "nixpkgs_2"
      }
    },
    "wlroots": {
      "flake": false,
      "locked": {
        "host": "gitlab.freedesktop.org",
        "lastModified": 1686753331,
        "narHash": "sha256-KovjVFwcuoUO0eu/UiWrnD3+m/K+SHSAVIz4xF9K1XA=",
        "owner": "wlroots",
        "repo": "wlroots",
        "rev": "7e7633abf09b362d0bad9e3fc650fd692369291d",
        "type": "gitlab"
      },
      "original": {
        "host": "gitlab.freedesktop.org",
        "owner": "wlroots",
        "repo": "wlroots",
        "type": "gitlab"
      }
    },
    "xdph": {
      "inputs": {
        "hyprland-protocols": [
          "hyprland",
          "hyprland-protocols"
        ],
        "nixpkgs": [
          "hyprland",
          "nixpkgs"
        ]
      },
      "locked": {
        "lastModified": 1685385764,
        "narHash": "sha256-r+XMyOoRXq+hlfjayb+fyi9kq2JK48TrwuNIAXqlj7U=",
        "owner": "hyprwm",
        "repo": "xdg-desktop-portal-hyprland",
        "rev": "4d9ff0c17716936e0b5ca577a39e263633901ed1",
        "type": "github"
      },
      "original": {
        "owner": "hyprwm",
        "repo": "xdg-desktop-portal-hyprland",
        "type": "github"
      }
    }
  },
  "root": "root",
  "version": 7
}
